
Microsoft Visual Studio Solution File, Format Version 12.00
# Visual Studio Version 17
VisualStudioVersion = 17.7.34221.43
MinimumVisualStudioVersion = 10.0.40219.1
Project("{FAE04EC0-301F-11D3-BF4B-00C04F79EFBC}") = "PM_QL_BanHoa", "PM_QL_BanHoa\PM_QL_BanHoa.csproj", "{D17A8041-7FDA-42B0-B192-B005938E8FA3}"
EndProject
Global
	GlobalSection(SolutionConfigurationPlatforms) = preSolution
		Debug|Any CPU = Debug|Any CPU
		Release|Any CPU = Release|Any CPU
	EndGlobalSection
	GlobalSection(ProjectConfigurationPlatforms) = postSolution
		{D17A8041-7FDA-42B0-B192-B005938E8FA3}.Debug|Any CPU.ActiveCfg = Debug|Any CPU
		{D17A8041-7FDA-42B0-B192-B005938E8FA3}.Debug|Any CPU.Build.0 = Debug|Any CPU
		{D17A8041-7FDA-42B0-B192-B005938E8FA3}.Release|Any CPU.ActiveCfg = Release|Any CPU
		{D17A8041-7FDA-42B0-B192-B005938E8FA3}.Release|Any CPU.Build.0 = Release|Any CPU
	EndGlobalSection
	GlobalSection(SolutionProperties) = preSolution
		HideSolutionNode = FALSE
	EndGlobalSection
	GlobalSection(ExtensibilityGlobals) = postSolution
		SolutionGuid = {59B996C7-E25C-49D6-BB9B-D554B5A471F5}
	EndGlobalSection
EndGlobal
